// !$*UTF8*$!
{
	archiveVersion = 1;
	classes = {
	};
	objectVersion = 46;
	objects = {

/* Begin PBXBuildFile section */
		A0B9E65C1CED90E30079B9BA /* main.m in Sources */ = {isa = PBXBuildFile; fileRef = A0B9E65B1CED90E30079B9BA /* main.m */; };
		A0B9E65F1CED90E30079B9BA /* AppDelegate.m in Sources */ = {isa = PBXBuildFile; fileRef = A0B9E65E1CED90E30079B9BA /* AppDelegate.m */; };
		A0B9E6621CED90E30079B9BA /* ViewController.m in Sources */ = {isa = PBXBuildFile; fileRef = A0B9E6611CED90E30079B9BA /* ViewController.m */; };
		A0B9E6651CED90E30079B9BA /* Main.storyboard in Resources */ = {isa = PBXBuildFile; fileRef = A0B9E6631CED90E30079B9BA /* Main.storyboard */; };
		A0B9E6671CED90E30079B9BA /* Assets.xcassets in Resources */ = {isa = PBXBuildFile; fileRef = A0B9E6661CED90E30079B9BA /* Assets.xcassets */; };
		A0B9E66A1CED90E30079B9BA /* LaunchScreen.storyboard in Resources */ = {isa = PBXBuildFile; fileRef = A0B9E6681CED90E30079B9BA /* LaunchScreen.storyboard */; };
		A0B9E6761CED92230079B9BA /* UIColor+Hex.m in Sources */ = {isa = PBXBuildFile; fileRef = A0B9E6751CED92230079B9BA /* UIColor+Hex.m */; };
/* End PBXBuildFile section */

/* Begin PBXFileReference section */
		A0B9E6571CED90E30079B9BA /* HexTurnRGB.app */ = {isa = PBXFileReference; explicitFileType = wrapper.application; includeInIndex = 0; path = HexTurnRGB.app; sourceTree = BUILT_PRODUCTS_DIR; };
		A0B9E65B1CED90E30079B9BA /* main.m */ = {isa = PBXFileReference; lastKnownFileType = sourcecode.c.objc; path = main.m; sourceTree = "<group>"; };
		A0B9E65D1CED90E30079B9BA /* AppDelegate.h */ = {isa = PBXFileReference; lastKnownFileType = sourcecode.c.h; path = AppDelegate.h; sourceTree = "<group>"; };
		A0B9E65E1CED90E30079B9BA /* AppDelegate.m */ = {isa = PBXFileReference; lastKnownFileType = sourcecode.c.objc; path = AppDelegate.m; sourceTree = "<group>"; };
		A0B9E6601CED90E30079B9BA /* ViewController.h */ = {isa = PBXFileReference; lastKnownFileType = sourcecode.c.h; path = ViewController.h; sourceTree = "<group>"; };
		A0B9E6611CED90E30079B9BA /* ViewController.m */ = {isa = PBXFileReference; lastKnownFileType = sourcecode.c.objc; path = ViewController.m; sourceTree = "<group>"; };
		A0B9E6641CED90E30079B9BA /* Base */ = {isa = PBXFileReference; lastKnownFileType = file.storyboard; name = Base; path = Base.lproj/Main.storyboard; sourceTree = "<group>"; };
		A0B9E6661CED90E30079B9BA /* Assets.xcassets */ = {isa = PBXFileReference; lastKnownFileType = folder.assetcatalog; path = Assets.xcassets; sourceTree = "<group>"; };
		A0B9E6691CED90E30079B9BA /* Base */ = {isa = PBXFileReference; lastKnownFileType = file.storyboard; name = Base; path = Base.lproj/LaunchScreen.storyboard; sourceTree = "<group>"; };
		A0B9E66B1CED90E30079B9BA /* Info.plist */ = {isa = PBXFileReference; lastKnownFileType = text.plist.xml; path = Info.plist; sourceTree = "<group>"; };
		A0B9E6741CED92230079B9BA /* UIColor+Hex.h */ = {isa = PBXFileReference; fileEncoding = 4; lastKnownFileType = sourcecode.c.h; path = "UIColor+Hex.h"; sourceTree = "<group>"; };
		A0B9E6751CED92230079B9BA /* UIColor+Hex.m */ = {isa = PBXFileReference; fileEncoding = 4; lastKnownFileType = sourcecode.c.objc; path = "UIColor+Hex.m"; sourceTree = "<group>"; };
/* End PBXFileReference section */

/* Begin PBXFrameworksBuildPhase section */
		A0B9E6541CED90E30079B9BA /* Frameworks */ = {
			isa = PBXFrameworksBuildPhase;
			buildActionMask = 2147483647;
			files = (
			);
			runOnlyForDeploymentPostprocessing = 0;
		};
/* End PBXFrameworksBuildPhase section */

/* Begin PBXGroup section */
		A0B9E64E1CED90E30079B9BA = {
			isa = PBXGroup;
			children = (
				A0B9E6591CED90E30079B9BA /* HexTurnRGB */,
				A0B9E6581CED90E30079B9BA /* Products */,
			);
			sourceTree = "<group>";
		};
		A0B9E6581CED90E30079B9BA /* Products */ = {
			isa = PBXGroup;
			children = (
				A0B9E6571CED90E30079B9BA /* HexTurnRGB.app */,
			);
			name = Products;
			sourceTree = "<group>";
		};
		A0B9E6591CED90E30079B9BA /* HexTurnRGB */ = {
			isa = PBXGroup;
			children = (
				A0B9E65D1CED90E30079B9BA /* AppDelegate.h */,
				A0B9E65E1CED90E30079B9BA /* AppDelegate.m */,
				A0B9E6601CED90E30079B9BA /* ViewController.h */,
				A0B9E6611CED90E30079B9BA /* ViewController.m */,
				A0B9E6741CED92230079B9BA /* UIColor+Hex.h */,
				A0B9E6751CED92230079B9BA /* UIColor+Hex.m */,
				A0B9E6631CED90E30079B9BA /* Main.storyboard */,
				A0B9E6661CED90E30079B9BA /* Assets.xcassets */,
				A0B9E6681CED90E30079B9BA /* LaunchScreen.storyboard */,
				A0B9E66B1CED90E30079B9BA /* Info.plist */,
				A0B9E65A1CED90E30079B9BA /* Supporting Files */,
			);
			path = HexTurnRGB;
			sourceTree = "<group>";
		};
		A0B9E65A1CED90E30079B9BA /* Supporting Files */ = {
			isa = PBXGroup;
			children = (
				A0B9E65B1CED90E30079B9BA /* main.m */,
			);
			name = "Supporting Files";
			sourceTree = "<group>";
		};
/* End PBXGroup section */

/* Begin PBXNativeTarget section */
		A0B9E6561CED90E30079B9BA /* HexTurnRGB */ = {
			isa = PBXNativeTarget;
			buildConfigurationList = A0B9E66E1CED90E30079B9BA /* Build configuration list for PBXNativeTarget "HexTurnRGB" */;
			buildPhases = (
				A0B9E6531CED90E30079B9BA /* Sources */,
				A0B9E6541CED90E30079B9BA /* Frameworks */,
				A0B9E6551CED90E30079B9BA /* Resources */,
			);
			buildRules = (
			);
			dependencies = (
			);
			name = HexTurnRGB;
			productName = HexTurnRGB;
			productReference = A0B9E6571CED90E30079B9BA /* HexTurnRGB.app */;
			productType = "com.apple.product-type.application";
		};
/* End PBXNativeTarget section */

/* Begin PBXProject section */
		A0B9E64F1CED90E30079B9BA /* Project object */ = {
			isa = PBXProject;
			attributes = {
				LastUpgradeCheck = 0720;
				ORGANIZATIONNAME = zyx;
				TargetAttributes = {
					A0B9E6561CED90E30079B9BA = {
						CreatedOnToolsVersion = 7.2;
					};
				};
			};
			buildConfigurationList = A0B9E6521CED90E30079B9BA /* Build configuration list for PBXProject "HexTurnRGB" */;
			compatibilityVersion = "Xcode 3.2";
			developmentRegion = English;
			hasScannedForEncodings = 0;
			knownRegions = (
				en,
				Base,
			);
			mainGroup = A0B9E64E1CED90E30079B9BA;
			productRefGroup = A0B9E6581CED90E30079B9BA /* Products */;
			projectDirPath = "";
			projectRoot = "";
			targets = (
				A0B9E6561CED90E30079B9BA /* HexTurnRGB */,
			);
		};
/* End PBXProject section */

/* Begin PBXResourcesBuildPhase section */
		A0B9E6551CED90E30079B9BA /* Resources */ = {
			isa = PBXResourcesBuildPhase;
			buildActionMask = 2147483647;
			files = (
				A0B9E66A1CED90E30079B9BA /* LaunchScreen.storyboard in Resources */,
				A0B9E6671CED90E30079B9BA /* Assets.xcassets in Resources */,
				A0B9E6651CED90E30079B9BA /* Main.storyboard in Resources */,
			);
			runOnlyForDeploymentPostprocessing = 0;
		};
/* End PBXResourcesBuildPhase section */

/* Begin PBXSourcesBuildPhase section */
		A0B9E6531CED90E30079B9BA /* Sources */ = {
			isa = PBXSourcesBuildPhase;
			buildActionMask = 2147483647;
			files = (
				A0B9E6621CED90E30079B9BA /* ViewController.m in Sources */,
				A0B9E6761CED92230079B9BA /* UIColor+Hex.m in Sources */,
				A0B9E65F1CED90E30079B9BA /* AppDelegate.m in Sources */,
				A0B9E65C1CED90E30079B9BA /* main.m in Sources */,
			);
			runOnlyForDeploymentPostprocessing = 0;
		};
/* End PBXSourcesBuildPhase section */

/* Begin PBXVariantGroup section */
		A0B9E6631CED90E30079B9BA /* Main.storyboard */ = {
			isa = PBXVariantGroup;
			children = (
				A0B9E6641CED90E30079B9BA /* Base */,
			);
			name = Main.storyboard;
			sourceTree = "<group>";
		};
		A0B9E6681CED90E30079B9BA /* LaunchScreen.storyboard */ = {
			isa = PBXVariantGroup;
			children = (
				A0B9E6691CED90E30079B9BA /* Base */,
			);
			name = LaunchScreen.storyboard;
			sourceTree = "<group>";
		};
/* End PBXVariantGroup section */

/* Begin XCBuildConfiguration section */
		A0B9E66C1CED90E30079B9BA /* Debug */ = {
			isa = XCBuildConfiguration;
			buildSettings = {
				ALWAYS_SEARCH_USER_PATHS = NO;
				CLANG_CXX_LANGUAGE_STANDARD = "gnu++0x";
				CLANG_CXX_LIBRARY = "libc++";
				CLANG_ENABLE_MODULES = YES;
				CLANG_ENABLE_OBJC_ARC = YES;
				CLANG_WARN_BOOL_CONVERSION = YES;
				CLANG_WARN_CONSTANT_CONVERSION = YES;
				CLANG_WARN_DIRECT_OBJC_ISA_USAGE = YES_ERROR;
				CLANG_WARN_EMPTY_BODY = YES;
				CLANG_WARN_ENUM_CONVERSION = YES;
				CLANG_WARN_INT_CONVERSION = YES;
				CLANG_WARN_OBJC_ROOT_CLASS = YES_ERROR;
				CLANG_WARN_UNREACHABLE_CODE = YES;
				CLANG_WARN__DUPLICATE_METHOD_MATCH = YES;
				"CODE_SIGN_IDENTITY[sdk=iphoneos*]" = "iPhone Developer";
				COPY_PHASE_STRIP = NO;
				DEBUG_INFORMATION_FORMAT = dwarf;
				ENABLE_STRICT_OBJC_MSGSEND = YES;
				ENABLE_TESTABILITY = YES;
				GCC_C_LANGUAGE_STANDARD = gnu99;
				GCC_DYNAMIC_NO_PIC = NO;
				GCC_NO_COMMON_BLOCKS = YES;
				GCC_OPTIMIZATION_LEVEL = 0;
				GCC_PREPROCESSOR_DEFINITIONS = (
					"DEBUG=1",
					"$(inherited)",
				);
				GCC_WARN_64_TO_32_BIT_CONVERSION = YES;
				GCC_WARN_ABOUT_RETURN_TYPE = YES_ERROR;
				GCC_WARN_UNDECLARED_SELECTOR = YES;
				GCC_WARN_UNINITIALIZED_AUTOS = YES_AGGRESSIVE;
				GCC_WARN_UNUSED_FUNCTION = YES;
				GCC_WARN_UNUSED_VARIABLE = YES;
				IPHONEOS_DEPLOYMENT_TARGET = 9.2;
				MTL_ENABLE_DEBUG_INFO = YES;
				ONLY_ACTIVE_ARCH = YES;
				SDKROOT = iphoneos;
				TARGETED_DEVICE_FAMILY = "1,2";
			};
			name = Debug;
		};
		A0B9E66D1CED90E30079B9BA /* Release */ = {
			isa = XCBuildConfiguration;
			buildSettings = {
				ALWAYS_SEARCH_USER_PATHS = NO;
				CLANG_CXX_LANGUAGE_STANDARD = "gnu++0x";
				CLANG_CXX_LIBRARY = "libc++";
				CLANG_ENABLE_MODULES = YES;
				CLANG_ENABLE_OBJC_ARC = YES;
				CLANG_WARN_BOOL_CONVERSION = YES;
				CLANG_WARN_CONSTANT_CONVERSION = YES;
				CLANG_WARN_DIRECT_OBJC_ISA_USAGE = YES_ERROR;
				CLANG_WARN_EMPTY_BODY = YES;
				CLANG_WARN_ENUM_CONVERSION = YES;
				CLANG_WARN_INT_CONVERSION = YES;
				CLANG_WARN_OBJC_ROOT_CLASS = YES_ERROR;
				CLANG_WARN_UNREACHABLE_CODE = YES;
				CLANG_WARN__DUPLICATE_METHOD_MATCH = YES;
				"CODE_SIGN_IDENTITY[sdk=iphoneos*]" = "iPhone Developer";
				COPY_PHASE_STRIP = NO;
				DEBUG_INFORMATION_FORMAT = "dwarf-with-dsym";
				ENABLE_NS_ASSERTIONS = NO;
				ENABLE_STRICT_OBJC_MSGSEND = YES;
				GCC_C_LANGUAGE_STANDARD = gnu99;
				GCC_NO_COMMON_BLOCKS = YES;
				GCC_WARN_64_TO_32_BIT_CONVERSION = YES;
				GCC_WARN_ABOUT_RETURN_TYPE = YES_ERROR;
				GCC_WARN_UNDECLARED_SELECTOR = YES;
				GCC_WARN_UNINITIALIZED_AUTOS = YES_AGGRESSIVE;
				GCC_WARN_UNUSED_FUNCTION = YES;
				GCC_WARN_UNUSED_VARIABLE = YES;
				IPHONEOS_DEPLOYMENT_TARGET = 9.2;
				MTL_ENABLE_DEBUG_INFO = NO;
				SDKROOT = iphoneos;
				TARGETED_DEVICE_FAMILY = "1,2";
				VALIDATE_PRODUCT = YES;
			};
			name = Release;
		};
		A0B9E66F1CED90E30079B9BA /* Debug */ = {
			isa = XCBuildConfiguration;
			buildSettings = {
				ASSETCATALOG_COMPILER_APPICON_NAME = AppIcon;
				INFOPLIST_FILE = HexTurnRGB/Info.plist;
				LD_RUNPATH_SEARCH_PATHS = "$(inherited) @executable_path/Frameworks";
				PRODUCT_BUNDLE_IDENTIFIER = zyx.HexTurnRGB;
				PRODUCT_NAME = "$(TARGET_NAME)";
			};
			name = Debug;
		};
		A0B9E6701CED90E30079B9BA /* Release */ = {
			isa = XCBuildConfiguration;
			buildSettings = {
				ASSETCATALOG_COMPILER_APPICON_NAME = AppIcon;
				INFOPLIST_FILE = HexTurnRGB/Info.plist;
				LD_RUNPATH_SEARCH_PATHS = "$(inherited) @executable_path/Frameworks";
				PRODUCT_BUNDLE_IDENTIFIER = zyx.HexTurnRGB;
				PRODUCT_NAME = "$(TARGET_NAME)";
			};
			name = Release;
		};
/* End XCBuildConfiguration section */

/* Begin XCConfigurationList section */
		A0B9E6521CED90E30079B9BA /* Build configuration list for PBXProject "HexTurnRGB" */ = {
			isa = XCConfigurationList;
			buildConfigurations = (
				A0B9E66C1CED90E30079B9BA /* Debug */,
				A0B9E66D1CED90E30079B9BA /* Release */,
			);
			defaultConfigurationIsVisible = 0;
			defaultConfigurationName = Release;
		};
		A0B9E66E1CED90E30079B9BA /* Build configuration list for PBXNativeTarget "HexTurnRGB" */ = {
			isa = XCConfigurationList;
			buildConfigurations = (
				A0B9E66F1CED90E30079B9BA /* Debug */,
				A0B9E6701CED90E30079B9BA /* Release */,
			);
			defaultConfigurationIsVisible = 0;
		};
/* End XCConfigurationList section */
	};
	rootObject = A0B9E64F1CED90E30079B9BA /* Project object */;
}
